
Microsoft Visual Studio Solution File, Format Version 12.00
# Visual Studio Version 17
VisualStudioVersion = 17.2.32630.192
MinimumVisualStudioVersion = 10.0.40219.1
Project("{FAE04EC0-301F-11D3-BF4B-00C04F79EFBC}") = "WEBCrudMvcSQLServer", "WEBCrudMvcSQLServer\WEBCrudMvcSQLServer.csproj", "{799B75A1-DDC0-41B2-BEB7-500EF6FBB615}"
EndProject
Global
	GlobalSection(SolutionConfigurationPlatforms) = preSolution
		Debug|Any CPU = Debug|Any CPU
		Release|Any CPU = Release|Any CPU
	EndGlobalSection
	GlobalSection(ProjectConfigurationPlatforms) = postSolution
		{799B75A1-DDC0-41B2-BEB7-500EF6FBB615}.Debug|Any CPU.ActiveCfg = Debug|Any CPU
		{799B75A1-DDC0-41B2-BEB7-500EF6FBB615}.Debug|Any CPU.Build.0 = Debug|Any CPU
		{799B75A1-DDC0-41B2-BEB7-500EF6FBB615}.Release|Any CPU.ActiveCfg = Release|Any CPU
		{799B75A1-DDC0-41B2-BEB7-500EF6FBB615}.Release|Any CPU.Build.0 = Release|Any CPU
	EndGlobalSection
	GlobalSection(SolutionProperties) = preSolution
		HideSolutionNode = FALSE
	EndGlobalSection
	GlobalSection(ExtensibilityGlobals) = postSolution
		SolutionGuid = {D9148383-495D-4CF1-AB3B-6A1FD5DD21F5}
	EndGlobalSection
EndGlobal
